
Microsoft Visual Studio Solution File, Format Version 12.00
# Visual Studio Version 17
VisualStudioVersion = 17.7.34202.233
MinimumVisualStudioVersion = 10.0.40219.1
Project("{FAE04EC0-301F-11D3-BF4B-00C04F79EFBC}") = "JBKeyKeeper", "JBKeyKeeper\JBKeyKeeper.csproj", "{DDDD7243-5AB6-4424-BFDD-62292C252546}"
EndProject
Global
	GlobalSection(SolutionConfigurationPlatforms) = preSolution
		Debug|Any CPU = Debug|Any CPU
		Release|Any CPU = Release|Any CPU
	EndGlobalSection
	GlobalSection(ProjectConfigurationPlatforms) = postSolution
		{DDDD7243-5AB6-4424-BFDD-62292C252546}.Debug|Any CPU.ActiveCfg = Debug|Any CPU
		{DDDD7243-5AB6-4424-BFDD-62292C252546}.Debug|Any CPU.Build.0 = Debug|Any CPU
		{DDDD7243-5AB6-4424-BFDD-62292C252546}.Release|Any CPU.ActiveCfg = Release|Any CPU
		{DDDD7243-5AB6-4424-BFDD-62292C252546}.Release|Any CPU.Build.0 = Release|Any CPU
	EndGlobalSection
	GlobalSection(SolutionProperties) = preSolution
		HideSolutionNode = FALSE
	EndGlobalSection
	GlobalSection(ExtensibilityGlobals) = postSolution
		SolutionGuid = {095C9BB0-179F-4A03-99E5-4406F7549446}
	EndGlobalSection
EndGlobal
